
Microsoft Visual Studio Solution File, Format Version 12.00
# Visual Studio Version 17
VisualStudioVersion = 17.0.31919.166
MinimumVisualStudioVersion = 10.0.40219.1
Project("{FAE04EC0-301F-11D3-BF4B-00C04F79EFBC}") = "SistemaAudioVisualApp", "SistemaAudioVisualApp\SistemaAudioVisualApp.csproj", "{330B7DDE-87FF-4987-9D77-78F4E2E49630}"
EndProject
Global
	GlobalSection(SolutionConfigurationPlatforms) = preSolution
		Debug|Any CPU = Debug|Any CPU
		Release|Any CPU = Release|Any CPU
	EndGlobalSection
	GlobalSection(ProjectConfigurationPlatforms) = postSolution
		{330B7DDE-87FF-4987-9D77-78F4E2E49630}.Debug|Any CPU.ActiveCfg = Debug|Any CPU
		{330B7DDE-87FF-4987-9D77-78F4E2E49630}.Debug|Any CPU.Build.0 = Debug|Any CPU
		{330B7DDE-87FF-4987-9D77-78F4E2E49630}.Release|Any CPU.ActiveCfg = Release|Any CPU
		{330B7DDE-87FF-4987-9D77-78F4E2E49630}.Release|Any CPU.Build.0 = Release|Any CPU
	EndGlobalSection
	GlobalSection(SolutionProperties) = preSolution
		HideSolutionNode = FALSE
	EndGlobalSection
	GlobalSection(ExtensibilityGlobals) = postSolution
		SolutionGuid = {6DD03BBD-1970-451D-BBF6-0BAE907E07D4}
	EndGlobalSection
EndGlobal
